hash: d971ddd0a86ce567d6d07d3f735b90182d00fd0534476676e8584832d42af2ad
updated: 2020-03-02T10:10:30.130128+01:00
imports:
- name: cloud.google.com/go
  version: 602920de6c7b904e71f9510767e7d9879d196fef
  subpackages:
  - compute/metadata
- name: enterprise.getqor.com/microsite
  version: ""
  subpackages:
  - develop/aws_manager
- name: enterprise.getqor.com/promotion
  version: ""
- name: github.com/asaskevich/govalidator
  version: 475eaeb164960a651e97470412a7d3b0c5036105
- name: github.com/aws/aws-sdk-go
  version: 90ec15848eb44d569328d31dcc175fed0f7df961
  subpackages:
  - aws
  - aws/arn
  - aws/awserr
  - aws/awsutil
  - aws/client
  - aws/client/metadata
  - aws/corehandlers
  - aws/credentials
  - aws/credentials/ec2rolecreds
  - aws/credentials/endpointcreds
  - aws/credentials/processcreds
  - aws/credentials/stscreds
  - aws/csm
  - aws/defaults
  - aws/ec2metadata
  - aws/endpoints
  - aws/request
  - aws/session
  - aws/signer/v4
  - internal/context
  - internal/ini
  - internal/s3err
  - internal/sdkio
  - internal/sdkmath
  - internal/sdkrand
  - internal/sdkuri
  - internal/shareddefaults
  - internal/strings
  - internal/sync/singleflight
  - private/protocol
  - private/protocol/eventstream
  - private/protocol/eventstream/eventstreamapi
  - private/protocol/json/jsonutil
  - private/protocol/query
  - private/protocol/query/queryutil
  - private/protocol/rest
  - private/protocol/restxml
  - private/protocol/xml/xmlutil
  - service/s3
  - service/s3/internal/arn
  - service/sts
  - service/sts/stsiface
- name: github.com/azumads/faker
  version: 6cae71ddb10767f30fbb8a9d3d6b5baf792c33e7
- name: github.com/biezhi/gorm-paginator
  version: 7a5c8ed20334610e9560e561a21ee4f3fc66bef4
  subpackages:
  - pagination
- name: github.com/BillSJC/gorm-pageable
  version: 0471f93017054e5233385000a2c8e4b91ddefb45
- name: github.com/BurntSushi/toml
  version: 3012a1dbe2e4bd1391d42b32f0577cb7bbc7f005
- name: github.com/chris-ramon/douceur
  version: f3463056cd52886eda904655e1940157bf323bd7
  subpackages:
  - css
  - parser
- name: github.com/corpix/uarand
  version: 6fd8ff1ca6b2b41116c4bb7571662b9762ae62d6
- name: github.com/dgrijalva/jwt-go
  version: dc14462fd58732591c7fa58cc8496d6824316a82
- name: github.com/disintegration/imaging
  version: 879073f2332fabf5a5faa93986ed41598dcf0b62
- name: github.com/fatih/color
  version: daf2830f2741ebb735b21709a520c5f37d642d85
- name: github.com/go-chi/chi
  version: acdf534d0ba4162f1673e9f12fad5039a966ba0e
  subpackages:
  - middleware
- name: github.com/go-gomail/gomail
  version: 81ebce5c23dfd25c6c67194b37d3dd3f338c98b1
- name: github.com/go-sql-driver/mysql
  version: dd9d356b496cd5c37543d3dd0ffbef75714b88ec
- name: github.com/golang/protobuf
  version: 5d5b4c10bd43f85e63bd9e4a3fa9b1ea2ef88af2
  subpackages:
  - proto
- name: github.com/golang/snappy
  version: ff6b7dc882cf4cfba7ee0b9f7dcc1ac096c554aa
- name: github.com/gomarkdown/markdown
  version: 1813ea067497f0a7eab5bd6a3cbe0e255e079d37
  subpackages:
  - ast
  - html
  - parser
- name: github.com/google/btree
  version: 479b5e81b0a93ec038d201b0b33d17db599531d3
- name: github.com/gorilla/context
  version: 8559d4a6b87e4f517ec1846eb90a192b8748cc89
- name: github.com/gorilla/css
  version: 4940b8d7810384b58c15dbf1103a148fdf0761f2
  subpackages:
  - scanner
- name: github.com/gorilla/schema
  version: 61751c9687439bf8cd824ad7eec0d21db1a1b804
- name: github.com/gorilla/securecookie
  version: 61b4ad17eb88d0d1118560d1101176279be2bc88
- name: github.com/gorilla/sessions
  version: 15ff3511704639ab26f7843f780c015f4bf49565
- name: github.com/gosimple/slug
  version: 853565075b0cefa5c1e4de2f05cf57a4fd90740f
- name: github.com/h2non/filetype
  version: 8241aa2c448465326c0002ccc6df7b910658960d
  subpackages:
  - matchers
  - matchers/isobmff
  - types
- name: github.com/iancoleman/strcase
  version: 16388991a33441046539eb716cff4d294d556c70
- name: github.com/jinzhu/configor
  version: f52abb230c951b14a04e8515ca4e248be7690321
- name: github.com/jinzhu/copier
  version: b57f9002281ac48ed8cbc489b1e91121e1a0824c
- name: github.com/jinzhu/gorm
  version: 79a77d771dee4e4b60e9c543e8663bbc80466670
  subpackages:
  - dialects/mysql
  - dialects/postgres
  - dialects/sqlite
- name: github.com/jinzhu/inflection
  version: 196e6ce06ca4513fbcfcbc35dc15f66074df47c9
- name: github.com/jinzhu/now
  version: 7e7333ac029d4aad7e88500a30889fcd22489425
- name: github.com/jmespath/go-jmespath
  version: c2b33e8439af944379acbdd9c3a5fe0bc44bd8a5
- name: github.com/joho/godotenv
  version: d6ee6871f21dd95e76563a90f522ce9fe75443f8
- name: github.com/jteeuwen/go-bindata
  version: 6025e8de665b31fa74ab1a66f2cddd8c0abf887e
- name: github.com/k0kubun/pp
  version: 99835366d1cc1593249c150d5c1acfb9036ccb1d
- name: github.com/konsorten/go-windows-terminal-sequences
  version: f55edac94c9bbba5d6182a4be46d86a2c9b5b50e
- name: github.com/lib/pq
  version: 9eb3fc897d6fd97dd4aad3d0404b54e2f7cc56be
  subpackages:
  - hstore
  - oid
  - scram
- name: github.com/mattn/go-colorable
  version: 4e32bdb9fe4eefa9b10cb112e44debf77784ff7a
- name: github.com/mattn/go-isatty
  version: cb30d6282491c185f77d9bec5d25de1bb61a06bc
- name: github.com/mattn/go-sqlite3
  version: 67986a7832dcbda29de5c1341b3dec6c6d97511a
- name: github.com/microcosm-cc/bluemonday
  version: 0a75d7616912ab9beb9cc6f7283ec1917c61b135
- name: github.com/mrjones/oauth
  version: 126b3521945043926caf026a3b969659b6a38d23
- name: github.com/nozzle/throttler
  version: 2ea982251481626167b7f83be1434b5c42540c1a
- name: github.com/orcaman/concurrent-map
  version: 8c72a8bb44f6cfcff2abae8ebcbaaaf883331363
- name: github.com/peterbourgon/diskv
  version: 0be1b92a6df0e4f5cb0a5d15fb7f643d0ad93ce6
- name: github.com/qorpress/action_bar
  version: aa8ff64f08d83127a86d68d833a66b5e52cc42fa
- name: github.com/qorpress/activity
  version: 6fb492e1858079ba2532e264aae1bf3809a26fa7
- name: github.com/qorpress/admin
  version: fb70246aef2f92569409254ffa4f35d82f914155
- name: github.com/qorpress/amazon-pay-sdk-go
  version: 05a169f79ffd4e1431fe61d1173554535d409478
- name: github.com/qorpress/assetfs
  version: 8760d19ffd6b7ffda3756b1932d7ea2bf16fde7c
- name: github.com/qorpress/audited
  version: a96dcc7aba0c17d920ce5d90064f02c004b4a007
- name: github.com/qorpress/auth
  version: 34fad329a8fec662e08a1659a155ca3655fa0dac
  subpackages:
  - auth_identity
  - authority
  - claims
  - providers/facebook
  - providers/github
  - providers/google
  - providers/password
  - providers/password/encryptor
  - providers/password/encryptor/bcrypt_encryptor
  - providers/twitter
- name: github.com/qorpress/auth_themes
  version: a17d235260cf217f42f6ef942d9cdc8786818435
  subpackages:
  - clean
- name: github.com/qorpress/banner_editor
  version: f9ee5deee45449946d621cb0b77771241c113462
- name: github.com/qorpress/cache
  version: 03b07d782f193b74509e3c2bca04e3e5b61dcb4a
  subpackages:
  - memory
- name: github.com/qorpress/exchange
  version: 193a42cf6de632d9c1e60ebd8068c9574a770017
  subpackages:
  - backends/csv
- name: github.com/qorpress/gomerchant
  version: 2d2d0a1ffa6eb11f5e2df7c7ac0c53e182e7e729
- name: github.com/qorpress/help
  version: f6a3a53563101f7a5d4b8e10235994f6425dbb65
- name: github.com/qorpress/i18n
  version: af116c699cac2773d6f6196970b142a8e84e2fe9
  subpackages:
  - backends/database
  - backends/yaml
  - exchange_actions
  - inline_edit
- name: github.com/qorpress/l10n
  version: b7d4c2b74c65d4449b60b770de9305d7ebeb1793
- name: github.com/qorpress/location
  version: 8033cc8c8d4f177e6e61c364083c583666715dc3
- name: github.com/qorpress/mailer
  version: f5e300f62538c771d402ebc655a8e47f952f5b92
  subpackages:
  - gomailer
  - logger
- name: github.com/qorpress/media
  version: 4e48192b91e80f3dc951a1a38bad5c04fc7dcdc5
  subpackages:
  - asset_manager
  - media_library
  - oss
- name: github.com/qorpress/middlewares
  version: 781378b69454a545d08058d8154aca40d079e7ab
- name: github.com/qorpress/notification
  version: 8111e006c416e163bf6ae2b4f81397e7de4646f6
  subpackages:
  - channels/database
- name: github.com/qorpress/oss
  version: 5f053816810c6ac69f0eee8ca785d7e1a9f27c6e
  subpackages:
  - filesystem
  - s3
- name: github.com/qorpress/page_builder
  version: a1c7cdb24e294f362a9c5c76e1e5a9f8ee1424eb
- name: github.com/qorpress/publish
  version: 1faed88bdae1b01e709e0e601b8336af55e9abb4
- name: github.com/qorpress/publish2
  version: 7bfcbfc011a30c92d26c530647ce40d986befd30
- name: github.com/qorpress/qor
  version: 031b9b12d9c5b477ce7e2e404e31d4577dfe0111
  subpackages:
  - resource
  - utils
- name: github.com/qorpress/qorpress
  version: a0ea8f566eccc1bf575a792ed4dc60a41f0fc0d4
  subpackages:
  - pkg/client
  - pkg/models
- name: github.com/qorpress/redirect_back
  version: c30308f6928afd72850e0a5fd39cc26d00ba6723
- name: github.com/qorpress/render
  version: df9e89146c003180f9a4267cf3135fd95aceb6f5
- name: github.com/qorpress/responder
  version: 06c57cd6c310dac2dd5bffa942d3e2b8687d347c
- name: github.com/qorpress/roles
  version: eb199e22c203f6f91492947342ebb66397783748
- name: github.com/qorpress/seo
  version: 8f5a22f541a756eb16ce1d71c2acf73558d39f15
- name: github.com/qorpress/serializable_meta
  version: b2d3025f33b304d8e6503ca1b962978f630778e4
- name: github.com/qorpress/session
  version: 8cd2d6c347331a154310b248ac6b44dbd4a6f028
  subpackages:
  - gorilla
  - manager
- name: github.com/qorpress/slug
  version: d9ba991019fc8f5fed592d007ab7c8a514725940
- name: github.com/qorpress/sorting
  version: 8df8e3500f4fd3533139dda7f46d518276db9930
- name: github.com/qorpress/transition
  version: 8f5a3379ea66ebddee5b033459b659720198657b
- name: github.com/qorpress/validations
  version: 7896e5a38acdc78617e244dcbca4f0a6bbdea9da
- name: github.com/qorpress/widget
  version: d98eb6abe20302e2cea101bf7de4ccd0fb8cc524
- name: github.com/qorpress/wildcard_router
  version: 17545eff3bed3a517145ddefe6f5b995fda5ded9
- name: github.com/qorpress/worker
  version: a254ed2f49c073cb4ac51633da3b2f19c55819ad
- name: github.com/rainycape/unidecode
  version: cb7f23ec59bec0d61b19c56cd88cee3d0cc1870c
- name: github.com/sethgrid/pester
  version: 68a33a018ad0ac8266f272ec669307a1829c0486
- name: github.com/Shaked/gomobiledetect
  version: 25f014f665680d424817c814f3d2982a13f0985a
- name: github.com/sirupsen/logrus
  version: 77ab282a06b0b4dd37f6ada06e28473bba7e40cb
- name: github.com/sniperkit/cacher
  version: 61f2a1265daa984f4a687c500bc3af8006390371
- name: github.com/tealeg/xlsx
  version: 426ebfef635b70bf2b0f6f341b9a55ae82562029
- name: github.com/theplant/cldr
  version: 9f76f7ce4ee8058b01f92739cf0d0cceaeda3cb2
- name: github.com/unrolled/render
  version: c524c18295afa687769d69e929289578310c41b8
- name: github.com/x0rzkov/go-vcsurl
  version: cf6d223e3a84e3bfe5ed89d877eafedb6ad02202
- name: github.com/x0rzkov/httpcache
  version: 5a6ae9c4c3119788d8613aa7b3bc21ec61b8412a
  subpackages:
  - backend/diskcache
- name: golang.org/x/crypto
  version: 2aa609cf4a9d7d1126360de73b55b6002f9e052a
  subpackages:
  - bcrypt
  - blowfish
- name: golang.org/x/image
  version: 58c23975cae11f062d4b3b0c143fe248faac195d
  subpackages:
  - bmp
  - ccitt
  - tiff
  - tiff/lzw
- name: golang.org/x/net
  version: 244492dfa37ae2ce87222fd06250a03160745faa
  subpackages:
  - context
  - context/ctxhttp
  - html
  - html/atom
- name: golang.org/x/oauth2
  version: bf48bf16ab8d622ce64ec6ce98d2c98f916b6303
  subpackages:
  - facebook
  - google
  - internal
  - jws
  - jwt
- name: golang.org/x/sys
  version: 062a44052db13d4260a3225603b5b501907478f5
  subpackages:
  - unix
- name: google.golang.org/appengine
  version: b6ce0843b556e44e6416df5c2fd05db0869cc8d4
  subpackages:
  - internal
  - internal/app_identity
  - internal/base
  - internal/datastore
  - internal/log
  - internal/modules
  - internal/remote_api
  - internal/urlfetch
  - urlfetch
- name: gopkg.in/alexcesaro/quotedprintable.v3
  version: 2caba252f4dc53eaf6b553000885530023f54623
- name: gopkg.in/loremipsum.v1
  version: 0546b3ee2e0896501cddbb12110f7856249ebbeb
- name: gopkg.in/yaml.v2
  version: 53403b58ad1b561927d19068c655246f2db79d48
testImports: []
